schema: '2.0'
stages:
  data_ingestion:
    cmd: python src/data_ingestion.py
    deps:
    - path: src/data_ingestion.py
      hash: md5
      md5: 3b548e066891b8f4c3bd4c617ce3604a
      size: 3638
    params:
      params.yaml:
        data_ingestion.test_size: 0.3
    outs:
    - path: data/raw
      hash: md5
      md5: d26befd2dda9438254177d9000d9ba1f.dir
      size: 484846
      nfiles: 2
  data_preprocessing:
    cmd: python src/data_preprocessing.py
    deps:
    - path: data/raw
      hash: md5
      md5: d26befd2dda9438254177d9000d9ba1f.dir
      size: 484846
      nfiles: 2
    - path: src/data_preprocessing.py
      hash: md5
      md5: ae0059b79590609927f72e3c373f1865
      size: 3973
    outs:
    - path: data/interim
      hash: md5
      md5: 61ca13b2e20854a1f7bacbbcfeca409e.dir
      size: 262513
      nfiles: 2
  feature_engg:
    cmd: python src/feature_engg.py
    deps:
    - path: data/interim
      hash: md5
      md5: 61ca13b2e20854a1f7bacbbcfeca409e.dir
      size: 262513
      nfiles: 2
    - path: src/feature_engg.py
      hash: md5
      md5: f4b0ebfba49684b982bd241c9a67d5e2
      size: 3901
    params:
      params.yaml:
        feature_engg.max_features: 50
    outs:
    - path: data/processed
      hash: md5
      md5: 59ac4cbd8b5804b21006c57964bd0034.dir
      size: 1188089
      nfiles: 2
  model_building:
    cmd: python src/Model_training.py
    deps:
    - path: data/processed
      hash: md5
      md5: 59ac4cbd8b5804b21006c57964bd0034.dir
      size: 1188089
      nfiles: 2
    - path: src/Model_training.py
      hash: md5
      md5: 7a55da9c6efd2372143de341b5a860bb
      size: 4480
    params:
      params.yaml:
        model_building.n_estimators: 25
        model_building.random_state: 2
    outs:
    - path: models/model.pkl
      hash: md5
      md5: 53e8abda0e1c1e1f2099bf7908d8aa30
      size: 899465
  model_evaluation:
    cmd: python src/Model_evaluation.py
    deps:
    - path: models/model.pkl
      hash: md5
      md5: 53e8abda0e1c1e1f2099bf7908d8aa30
      size: 899465
    - path: src/Model_evaluation.py
      hash: md5
      md5: 9dfe7fbc9c7dc88054a1f1f14822678b
      size: 4696
    outs:
    - path: reports/metrics.json
      hash: md5
      md5: 7565a6fa80ea70962478cfa42348116e
      size: 143
